{
  "lockfileVersion": 1,
  "configVersion": 1,
  "workspaces": {
    "": {
      "name": "raiz",
    },
    "paquetes/consumidor": {
      "name": "@probe/consumidor",
      "version": "1.0.0",
      "dependencies": {
        "@probe/proveedor": "workspace:*",
      },
    },
    "paquetes/proveedor": {
      "name": "@probe/proveedor",
      "version": "1.0.0",
    },
  },
  "packages": {
    "@probe/consumidor": ["@probe/consumidor@workspace:paquetes/consumidor"],

    "@probe/proveedor": ["@probe/proveedor@workspace:paquetes/proveedor"],
  }
}
