{
  "lockfileVersion": 1,
  "configVersion": 1,
  "workspaces": {
    "": {
      "name": "@thyrox/packages",
    },
    "agent": {
      "name": "@thyrox/agent",
      "version": "0.4.0",
      "dependencies": {
        "@thyrox/command-runtime": "workspace:*",
        "@thyrox/observability": "workspace:*",
        "@thyrox/permission": "workspace:*",
        "@thyrox/provider": "workspace:*",
        "@thyrox/tools": "workspace:*",
        "zod": "^4.3.6",
      },
    },
    "app-host": {
      "name": "@thyrox/app-host",
      "version": "0.1.0",
      "dependencies": {
        "@thyrox/command-runtime": "workspace:*",
        "@thyrox/config": "workspace:*",
        "@thyrox/shell": "workspace:*",
        "@thyrox/storage": "workspace:*",
      },
    },
    "binary": {
      "name": "@thyrox/binary",
      "version": "0.1.0",
    },
    "cli": {
      "name": "@thyrox/cli",
      "version": "0.1.0",
      "dependencies": {
        "@thyrox/app-host": "workspace:*",
      },
    },
    "command-runtime": {
      "name": "@thyrox/command-runtime",
      "version": "0.1.0",
    },
    "config": {
      "name": "@thyrox/config",
      "version": "0.1.0",
      "dependencies": {
        "zod": "^4.3.6",
      },
    },
    "harness": {
      "name": "@thyrox/harness",
      "version": "0.1.0",
      "dependencies": {
        "@thyrox/agent": "workspace:*",
        "@thyrox/config": "workspace:*",
        "@thyrox/observability": "workspace:*",
        "@thyrox/permission": "workspace:*",
        "@thyrox/provider": "workspace:*",
        "@thyrox/skills": "workspace:*",
        "@thyrox/tools": "workspace:*",
      },
      "devDependencies": {
        "@types/bun": "^1.4.0",
      },
    },
    "local-observability": {
      "name": "@thyrox/local-observability",
      "version": "0.1.0",
      "dependencies": {
        "@anthropic-ai/sdk": "^0.124.0",
        "@opentelemetry/api": "^1.9.1",
        "@sentry/node": "^10.73.0",
        "@thyrox/agent": "workspace:*",
        "@thyrox/command-runtime": "workspace:*",
        "@thyrox/config": "workspace:*",
        "@thyrox/storage": "workspace:*",
        "axios": "^1.20.0",
        "cacache": "^21.0.1",
        "chalk": "^6.0.0",
        "lodash-es": "^4.18.1",
        "proper-lockfile": "^4.1.2",
      },
      "devDependencies": {
        "@types/cacache": "^20.0.1",
        "@types/lodash-es": "^4.17.12",
        "@types/proper-lockfile": "^4.1.4",
      },
    },
    "observability": {
      "name": "@thyrox/observability",
      "version": "0.1.0",
      "dependencies": {
        "@thyrox/agent": "workspace:*",
      },
      "devDependencies": {
        "@types/bun": "^1.4.0",
      },
    },
    "permission": {
      "name": "@thyrox/permission",
      "version": "0.1.0",
      "devDependencies": {
        "@types/bun": "^1.4.0",
      },
    },
    "plan": {
      "name": "@thyrox/plan",
      "version": "0.1.0",
      "devDependencies": {
        "@types/bun": "^1.4.0",
      },
    },
    "provider": {
      "name": "@thyrox/provider",
      "version": "0.1.0",
      "dependencies": {
        "@thyrox/agent": "workspace:*",
      },
      "devDependencies": {
        "@types/bun": "^1.4.0",
      },
    },
    "shell": {
      "name": "@thyrox/shell",
      "version": "0.1.0",
      "dependencies": {
        "@thyrox/config": "workspace:*",
      },
    },
    "skills": {
      "name": "@thyrox/skills",
      "version": "0.1.0",
      "dependencies": {
        "@thyrox/agent": "workspace:*",
      },
      "devDependencies": {
        "@types/bun": "^1.4.0",
      },
    },
    "storage": {
      "name": "@thyrox/storage",
      "version": "0.1.0",
      "dependencies": {
        "env-paths": "^4.0.0",
        "ignore": "^7.0.8",
        "jsonc-parser": "^3.3.1",
        "picomatch": "^4.0.7",
        "proper-lockfile": "^4.1.2",
      },
    },
    "tools": {
      "name": "@thyrox/tools",
      "version": "0.1.0",
      "dependencies": {
        "@thyrox/agent": "workspace:*",
        "@thyrox/observability": "workspace:*",
        "@thyrox/plan": "workspace:*",
        "@thyrox/skills": "workspace:*",
      },
      "devDependencies": {
        "@thyrox/provider": "workspace:*",
        "@types/bun": "^1.4.0",
      },
    },
  },
  "packages": {
    "@anthropic-ai/sdk": ["@anthropic-ai/sdk@0.124.0", "", { "dependencies": { "json-schema-to-ts": "^3.1.1", "standardwebhooks": "^1.0.0" }, "peerDependencies": { "zod": "^3.25.0 || ^4.0.0" }, "optionalPeers": ["zod"], "bin": { "anthropic-ai-sdk": "bin/cli" } }, "sha512-cN5O8i9UVxHeOQAzj/XjshWXG8KiibJDw9OGpH2Z/eR3n/RBxdoLxDJOcfqAJWvjaMDFfHTBADU04hWRJVkDyA=="],

    "@babel/runtime": ["@babel/runtime@7.29.7", "", {}, "sha512-Nq8OhGWiZIZGV6hLHoyAKLLcJihP/xFeBMGJoUrxTX2psI8dCifzLhZISFb+VWS3wFMRDmCGw5R+dOySCqPLhw=="],

    "@npmcli/fs": ["@npmcli/fs@6.0.0", "", { "dependencies": { "semver": "^7.3.5" } }, "sha512-AheOs4swKka/XLtht6xxJDPezlQ7K2IYQ9Y8lST4JLDjnralnWuMM9AE2CdVcgQJ5omrXhsRzM7F7aYmeZBvKQ=="],

    "@opentelemetry/api": ["@opentelemetry/api@1.9.1", "", {}, "sha512-gLyJlPHPZYdAk1JENA9LeHejZe1Ti77/pTeFm/nMXmQH/HFZlcS/O2XJB+L8fkbrNSqhdtlvjBVjxwUYanNH5Q=="],

    "@opentelemetry/api-logs": ["@opentelemetry/api-logs@0.220.0", "", { "dependencies": { "@opentelemetry/api": "^1.3.0" } }, "sha512-CmVa4ImJ+ynfrPMNaAXHET6Bhb44SwzmfyVJFq9ni2jgXJR/l7C6gfVFddNmHP+ZOkP9cf4f9DBe68qVLTHc9w=="],

    "@opentelemetry/core": ["@opentelemetry/core@2.11.0", "", { "dependencies": { "@opentelemetry/semantic-conventions": "^1.29.0" }, "peerDependencies": { "@opentelemetry/api": ">=1.0.0 <1.10.0" } }, "sha512-7YP44XH0tV6+Mb54x2YGf84i7yi+31MBZlE8JwvozkxyTvXbSp10X7cI7YE49ChJ3shMJoBmCJF3+1QFBJctGA=="],

    "@opentelemetry/instrumentation": ["@opentelemetry/instrumentation@0.220.0", "", { "dependencies": { "@opentelemetry/api-logs": "0.220.0", "import-in-the-middle": "^3.0.0", "require-in-the-middle": "^8.0.0" }, "peerDependencies": { "@opentelemetry/api": "^1.3.0" } }, "sha512-xQx3E2WxP1mDvKzxLxX+CTCtNLa560YJZ3087qYHerl2YmiKpv7AH+dAy7vmx+eVrZ5BwhfWUAVoKOoxCNHcpw=="],

    "@opentelemetry/resources": ["@opentelemetry/resources@2.11.0", "", { "dependencies": { "@opentelemetry/core": "2.11.0", "@opentelemetry/semantic-conventions": "^1.29.0" }, "peerDependencies": { "@opentelemetry/api": ">=1.3.0 <1.10.0" } }, "sha512-Ie7+8q8MDF4FAEQCKVMTx3ReUvxiIAgIiiW3c9JdmP8+HMcDy20puT+AHjexnExgnbvBxjQ9fjkFDWrikJ2jQA=="],

    "@opentelemetry/sdk-trace": ["@opentelemetry/sdk-trace@2.11.0", "", { "dependencies": { "@opentelemetry/core": "2.11.0", "@opentelemetry/resources": "2.11.0", "@opentelemetry/semantic-conventions": "^1.29.0" }, "peerDependencies": { "@opentelemetry/api": ">=1.3.0 <1.10.0" } }, "sha512-fFnTqGm8/G73GQVnxYi7LXa1ZVYEUvgL6XI1LpvV0bPC7WQ/ZGgKxCSl8FnlZBKto9JHHEFTO6s6CUpvvtwFrA=="],

    "@opentelemetry/sdk-trace-base": ["@opentelemetry/sdk-trace-base@2.11.0", "", { "dependencies": { "@opentelemetry/core": "2.11.0", "@opentelemetry/resources": "2.11.0", "@opentelemetry/sdk-trace": "2.11.0", "@opentelemetry/semantic-conventions": "^1.29.0" }, "peerDependencies": { "@opentelemetry/api": ">=1.3.0 <1.10.0" } }, "sha512-H19x/TX/LZdqiYOjM7fqtSxwlplC5pgelavqbQdHbhdq0q/AI/TGkM2dfGuuynTXmJPeF2HoZVoPDu+TGoW78A=="],

    "@opentelemetry/semantic-conventions": ["@opentelemetry/semantic-conventions@1.43.0", "", {}, "sha512-eSYWTm620tTk45EKSedaUL8MFYI8hW164hIXsgIHyxu3VobUB3fFCu5t0hQby6OoWRPsG1KkKUG2M5UadiLiVg=="],

    "@sentry/conventions": ["@sentry/conventions@0.16.0", "", {}, "sha512-fO9PLmHdVURcSPUpWCItWAtgKiMwGdJHbovoSEyLplX5sxs2ugvI4CBPTrkkgqhObnZOD0CnWBKDzSVQYBKEyQ=="],

    "@sentry/core": ["@sentry/core@10.73.0", "", { "dependencies": { "@sentry/conventions": "^0.16.0" } }, "sha512-FLO1UgH19RyasVpofu612WCOgb2nEH0dZy+R72d7p65XU9i0wxlMKm3+sgfwKmiSJp1Qhilaaxs4Jg6BbiM5HA=="],

    "@sentry/node": ["@sentry/node@10.73.0", "", { "dependencies": { "@opentelemetry/api": "^1.9.1", "@opentelemetry/instrumentation": "^0.220.0", "@opentelemetry/sdk-trace-base": "^2.9.0", "@sentry/conventions": "^0.16.0", "@sentry/core": "10.73.0", "@sentry/node-core": "10.73.0", "@sentry/opentelemetry": "10.73.0", "@sentry/server-utils": "10.73.0", "import-in-the-middle": "^3.0.0" } }, "sha512-jiMJ6GgXDw6UMGzJY+o0c8OoeA9OfHqZ/xEpHfDqy75hn+9CEkRkbNGCIdMvsc7wW/Se1Os394hHfTpU+YEskg=="],

    "@sentry/node-core": ["@sentry/node-core@10.73.0", "", { "dependencies": { "@sentry/conventions": "^0.16.0", "@sentry/core": "10.73.0", "@sentry/opentelemetry": "10.73.0", "import-in-the-middle": "^3.0.0" }, "peerDependencies": { "@opentelemetry/api": "^1.9.0", "@opentelemetry/core": "^1.30.1 || ^2.1.0", "@opentelemetry/exporter-trace-otlp-http": ">=0.57.0 <1", "@opentelemetry/instrumentation": ">=0.57.1 <1", "@opentelemetry/sdk-trace-base": "^1.30.1 || ^2.1.0" }, "optionalPeers": ["@opentelemetry/api", "@opentelemetry/core", "@opentelemetry/exporter-trace-otlp-http", "@opentelemetry/instrumentation", "@opentelemetry/sdk-trace-base"] }, "sha512-GHAGUmZPmm6FKfxfv2maVVJ/A99YAmd7oFOuKMDmITI6O/Msl6JB3vPTEpopVAHLW0LYJQBOjddL9C7o+Jt44g=="],

    "@sentry/opentelemetry": ["@sentry/opentelemetry@10.73.0", "", { "dependencies": { "@sentry/conventions": "^0.16.0", "@sentry/core": "10.73.0" }, "peerDependencies": { "@opentelemetry/api": "^1.9.0", "@opentelemetry/core": "^1.30.1 || ^2.1.0", "@opentelemetry/sdk-trace-base": "^1.30.1 || ^2.1.0" } }, "sha512-fQouPQKsH0CQrw6oAn1k0Z2I+tgyochCovifr5qNS69i0OzjknLa03WJyiZ/IuzXc4AVa5jAKfOeE9slABz8Qw=="],

    "@sentry/server-utils": ["@sentry/server-utils@10.73.0", "", { "dependencies": { "@sentry/conventions": "^0.16.0", "@sentry/core": "10.73.0" } }, "sha512-QskripdKFbM/+gipC6mpa2crLwL7+VbkX84IpHg2z9UlYQ1kNKd3aMT+Qk9NLRSw/zu1rSIAvlbWfx4D3rgNAA=="],

    "@stablelib/base64": ["@stablelib/base64@1.0.1", "", {}, "sha512-1bnPQqSxSuc3Ii6MhBysoWCg58j97aUjuCSZrGSmDxNqtytIi0k8utUenAwTZN4V5mXXYGsVUI9zeBqy+jBOSQ=="],

    "@thyrox/agent": ["@thyrox/agent@workspace:agent"],

    "@thyrox/app-host": ["@thyrox/app-host@workspace:app-host"],

    "@thyrox/binary": ["@thyrox/binary@workspace:binary"],

    "@thyrox/cli": ["@thyrox/cli@workspace:cli"],

    "@thyrox/command-runtime": ["@thyrox/command-runtime@workspace:command-runtime"],

    "@thyrox/config": ["@thyrox/config@workspace:config"],

    "@thyrox/harness": ["@thyrox/harness@workspace:harness"],

    "@thyrox/local-observability": ["@thyrox/local-observability@workspace:local-observability"],

    "@thyrox/observability": ["@thyrox/observability@workspace:observability"],

    "@thyrox/permission": ["@thyrox/permission@workspace:permission"],

    "@thyrox/plan": ["@thyrox/plan@workspace:plan"],

    "@thyrox/provider": ["@thyrox/provider@workspace:provider"],

    "@thyrox/shell": ["@thyrox/shell@workspace:shell"],

    "@thyrox/skills": ["@thyrox/skills@workspace:skills"],

    "@thyrox/storage": ["@thyrox/storage@workspace:storage"],

    "@thyrox/tools": ["@thyrox/tools@workspace:tools"],

    "@types/bun": ["@types/bun@1.4.1", "", { "dependencies": { "bun-types": "1.4.1" } }, "sha512-0AVGiTXGajf1rgKom3N+c5L7CBxuoyyv1i44M0nX4UDK0G/fnRAMiri93nHuVPIb429KKtAgj7HatVmmOjeQLA=="],

    "@types/cacache": ["@types/cacache@20.0.1", "", { "dependencies": { "@types/node": "*", "minipass": "*" } }, "sha512-QlKW3AFoFr/hvPHwFHMIVUH/ZCYeetBNou3PCmxu5LaNDvrtBlPJtIA6uhmU9JRt9oxj7IYoqoLcpxtzpPiTcw=="],

    "@types/lodash": ["@types/lodash@4.17.25", "", {}, "sha512-+K1NIO8I+F9/wNulfVvu23QYd0Pe9/OCqRrim4NoYIf1VoEDL90Ve4ClzpyqBLc7NpGGWRvYNCKZ1BE/Jpf8dQ=="],

    "@types/lodash-es": ["@types/lodash-es@4.17.12", "", { "dependencies": { "@types/lodash": "*" } }, "sha512-0NgftHUcV4v34VhXm8QBSftKVXtbkBG3ViCjs6+eJ5a6y6Mi/jiFGPc1sC7QK+9BFhWrURE3EOggmWaSxL9OzQ=="],

    "@types/node": ["@types/node@26.4.1", "", { "dependencies": { "undici-types": "~8.3.0" } }, "sha512-k97ENvZWtvA6yqz5/FS6a7duDgOPEeOQOc2iKS/nY6mX6qJUKtLnWzQS+Xj6tXweyj6ZcTAK2Qecetnvi9nCLA=="],

    "@types/proper-lockfile": ["@types/proper-lockfile@4.1.4", "", { "dependencies": { "@types/retry": "*" } }, "sha512-uo2ABllncSqg9F1D4nugVl9v93RmjxF6LJzQLMLDdPaXCUIDPeOJ21Gbqi43xNKzBi/WQ0Q0dICqufzQbMjipQ=="],

    "@types/retry": ["@types/retry@0.12.5", "", {}, "sha512-3xSjTp3v03X/lSQLkczaN9UIEwJMoMCA1+Nb5HfbJEQWogdeQIyVtTvxPXDQjZ5zws8rFQfVfRdz03ARihPJgw=="],

    "agent-base": ["agent-base@6.0.2", "", { "dependencies": { "debug": "4" } }, "sha512-RZNwNclF7+MS/8bDg70amg32dyeZGZxiDuQmZxKLAlQjr3jGyLx+4Kkk58UO7D2QdgFIQCovuSuZESne6RG6XQ=="],

    "asynckit": ["asynckit@0.4.0", "", {}, "sha512-Oei9OH4tRh0YqU3GxhX79dM/mwVgvbZJaSNaRk+bshkj0S5cfHcgYakreBjrHwatXKbz+IoIdYLxrKim2MjW0Q=="],

    "axios": ["axios@1.20.0", "", { "dependencies": { "follow-redirects": "^1.16.0", "form-data": "^4.0.6", "https-proxy-agent": "^5.0.1", "proxy-from-env": "^2.1.0" } }, "sha512-r8aOh8j9cGKpgQAqpzrUHnSIc6a59Y3Xf/cv8sy1DrHCkZHzQGEuoq1tARk6qSyDdtQGSDgpb9kFlruzPvrgwg=="],

    "balanced-match": ["balanced-match@4.0.4", "", {}, "sha512-BLrgEcRTwX2o6gGxGOCNyMvGSp35YofuYzw9h1IMTRmKqttAZZVU67bdb9Pr2vUHA8+j3i2tJfjO6C6+4myGTA=="],

    "brace-expansion": ["brace-expansion@5.0.9", "", { "dependencies": { "balanced-match": "^4.0.2" } }, "sha512-ScQ4IuvIEF1TMlP7Zt+vjJ//9zlPb2SDcxWxM3bk8s6t6GGdJ7KO1dCcTidOPJKePW30LE/2cT7wCyPho9/Wxg=="],

    "bun-types": ["bun-types@1.4.1", "", { "dependencies": { "@types/node": "*" } }, "sha512-loKuVrAFZKfEv+JvWkHRS9GW5IqLuLRjVXN9p+vZvBN86O5hf/pBZQ5hSoyipsrMmWObZBDvWnlmKvjKTM0PdA=="],

    "cacache": ["cacache@21.0.1", "", { "dependencies": { "@npmcli/fs": "^6.0.0", "fs-minipass": "^3.0.0", "glob": "^13.0.0", "lru-cache": "^11.1.0", "minipass": "^7.0.3", "minipass-collect": "^2.0.1", "minipass-flush": "^1.0.5", "minipass-pipeline": "^1.2.4", "p-map": "^7.0.2", "ssri": "^14.0.0" } }, "sha512-pTwz/uj3Jyp6WXdJ6fWhR+7LVxVs6RyroQSn7KJwHsSxXuyGSp0pcMVcwSwTpCFq1X2YG8QBe0W+vN+cr0SwzA=="],

    "call-bind-apply-helpers": ["call-bind-apply-helpers@1.0.2", "", { "dependencies": { "es-errors": "^1.3.0", "function-bind": "^1.1.2" } }, "sha512-Sp1ablJ0ivDkSzjcaJdxEunN5/XvksFJ2sMBFfq6x0ryhQV/2b/KwFe21cMpmHtPOSij8K99/wSfoEuTObmuMQ=="],

    "chalk": ["chalk@6.0.0", "", {}, "sha512-2uNTXIuTTxk7ciZgAU1BQcgnchcG0xXnrs6jzkQfj9SsRa9M2s5zE8WT96hS6KmG4MzWHSrvH43DF1m4XRkrFg=="],

    "cjs-module-lexer": ["cjs-module-lexer@2.2.1", "", {}, "sha512-Ca8swihM+/4yKecYHY52kgJd300hi2lADU/a1RxNTRe+RJ9jvqQlESpbz9DnG9mowez8qwXHB8qYdIUw9e+F5Q=="],

    "combined-stream": ["combined-stream@1.0.8", "", { "dependencies": { "delayed-stream": "~1.0.0" } }, "sha512-FQN4MRfuJeHf7cBbBMJFXhKSDq+2kAArBlmRBvcvFE5BB1HZKXtSFASDhdlz9zOYwxh8lDdnvmMOe/+5cdoEdg=="],

    "debug": ["debug@4.4.3", "", { "dependencies": { "ms": "^2.1.3" } }, "sha512-RGwwWnwQvkVfavKVt22FGLw+xYSdzARwm0ru6DhTVA3umU5hZc28V3kO4stgYryrTlLpuvgI9GiijltAjNbcqA=="],

    "delayed-stream": ["delayed-stream@1.0.0", "", {}, "sha512-ZySD7Nf91aLB0RxL4KGrKHBXl7Eds1DAmEdcoVawXnLD7SDhpNgtuII2aAkg7a7QS41jxPSZ17p4VdGnMHk3MQ=="],

    "dunder-proto": ["dunder-proto@1.0.1", "", { "dependencies": { "call-bind-apply-helpers": "^1.0.1", "es-errors": "^1.3.0", "gopd": "^1.2.0" } }, "sha512-KIN/nDJBQRcXw0MLVhZE9iQHmG68qAVIBg9CqmUYjmQIhgij9U5MFvrqkUL5FbtyyzZuOeOt0zdeRe4UY7ct+A=="],

    "env-paths": ["env-paths@4.0.0", "", { "dependencies": { "is-safe-filename": "^0.1.0" } }, "sha512-pxP8eL2SwwaTRi/KHYwLYXinDs7gL3jxFcBYmEdYfZmZXbaVDvdppd0XBU8qVz03rDfKZMXg1omHCbsJjZrMsw=="],

    "es-define-property": ["es-define-property@1.0.1", "", {}, "sha512-e3nRfgfUZ4rNGL232gUgX06QNyyez04KdjFrF+LTRoOXmrOgFKDg4BCdsjW8EnT69eqdYGmRpJwiPVYNrCaW3g=="],

    "es-errors": ["es-errors@1.3.0", "", {}, "sha512-Zf5H2Kxt2xjTvbJvP2ZWLEICxA6j+hAmMzIlypy4xcBg1vKVnx89Wy0GbS+kf5cwCVFFzdCFh2XSCFNULS6csw=="],

    "es-module-lexer": ["es-module-lexer@2.3.2", "", {}, "sha512-poHGpORABojJJucnV9KbOavETW8lBVnphkW77ER5/BQ5Fz7oXSoCNek7IH3vR5nRjdsEz926ibFYX8KtLQmdyw=="],

    "es-object-atoms": ["es-object-atoms@1.1.2", "", { "dependencies": { "es-errors": "^1.3.0" } }, "sha512-HWcBoN6NileqtSydK2FqHbS/LoDd2pqrnQHLyJzBj4kOp/ky2MWMN694xOfkK8/SnUsW2DH7EfyVlydKCsm1Zw=="],

    "es-set-tostringtag": ["es-set-tostringtag@2.1.0", "", { "dependencies": { "es-errors": "^1.3.0", "get-intrinsic": "^1.2.6", "has-tostringtag": "^1.0.2", "hasown": "^2.0.2" } }, "sha512-j6vWzfrGVfyXxge+O0x5sh6cvxAog0a/4Rdd2K36zCMV5eJ+/+tOAngRO8cODMNWbVRdVlmGZQL2YS3yR8bIUA=="],

    "fast-sha256": ["fast-sha256@1.3.0", "", {}, "sha512-n11RGP/lrWEFI/bWdygLxhI+pVeo1ZYIVwvvPkW7azl/rOy+F3HYRZ2K5zeE9mmkhQppyv9sQFx0JM9UabnpPQ=="],

    "follow-redirects": ["follow-redirects@1.16.0", "", {}, "sha512-y5rN/uOsadFT/JfYwhxRS5R7Qce+g3zG97+JrtFZlC9klX/W5hD7iiLzScI4nZqUS7DNUdhPgw4xI8W2LuXlUw=="],

    "form-data": ["form-data@4.0.6", "", { "dependencies": { "asynckit": "^0.4.0", "combined-stream": "^1.0.8", "es-set-tostringtag": "^2.1.0", "hasown": "^2.0.4", "mime-types": "^2.1.35" } }, "sha512-vKatAh4SlVfgbv+YtmhiRjhEMJsYpsG1Y2rMQtR+SVSbytsSD1YGzDIcrAJmdFec88u/+VoGmxnl+80gL1tRCQ=="],

    "fs-minipass": ["fs-minipass@3.0.3", "", { "dependencies": { "minipass": "^7.0.3" } }, "sha512-XUBA9XClHbnJWSfBzjkm6RvPsyg3sryZt06BEQoXcF7EK/xpGaQYJgQKDJSUH5SGZ76Y7pFx1QBnXz09rU5Fbw=="],

    "function-bind": ["function-bind@1.1.2", "", {}, "sha512-7XHNxH7qX9xG5mIwxkhumTox/MIRNcOgDrxWsMt2pAr23WHp6MrRlN7FBSFpCpr+oVO0F744iUgR82nJMfG2SA=="],

    "get-intrinsic": ["get-intrinsic@1.3.0", "", { "dependencies": { "call-bind-apply-helpers": "^1.0.2", "es-define-property": "^1.0.1", "es-errors": "^1.3.0", "es-object-atoms": "^1.1.1", "function-bind": "^1.1.2", "get-proto": "^1.0.1", "gopd": "^1.2.0", "has-symbols": "^1.1.0", "hasown": "^2.0.2", "math-intrinsics": "^1.1.0" } }, "sha512-9fSjSaos/fRIVIp+xSJlE6lfwhES7LNtKaCBIamHsjr2na1BiABJPo0mOjjz8GJDURarmCPGqaiVg5mfjb98CQ=="],

    "get-proto": ["get-proto@1.0.1", "", { "dependencies": { "dunder-proto": "^1.0.1", "es-object-atoms": "^1.0.0" } }, "sha512-sTSfBjoXBp89JvIKIefqw7U2CCebsc74kiY6awiGogKtoSGbgjYE/G/+l9sF3MWFPNc9IcoOC4ODfKHfxFmp0g=="],

    "glob": ["glob@13.0.6", "", { "dependencies": { "minimatch": "^10.2.2", "minipass": "^7.1.3", "path-scurry": "^2.0.2" } }, "sha512-Wjlyrolmm8uDpm/ogGyXZXb1Z+Ca2B8NbJwqBVg0axK9GbBeoS7yGV6vjXnYdGm6X53iehEuxxbyiKp8QmN4Vw=="],

    "gopd": ["gopd@1.2.0", "", {}, "sha512-ZUKRh6/kUFoAiTAtTYPZJ3hw9wNxx+BIBOijnlG9PnrJsCcSjs1wyyD6vJpaYtgnzDrKYRSqf3OO6Rfa93xsRg=="],

    "graceful-fs": ["graceful-fs@4.2.11", "", {}, "sha512-RbJ5/jmFcNNCcDV5o9eTnBLJ/HszWV0P73bc+Ff4nS/rJj+YaS6IGyiOL0VoBYX+l1Wrl3k63h/KrH+nhJ0XvQ=="],

    "has-symbols": ["has-symbols@1.1.0", "", {}, "sha512-1cDNdwJ2Jaohmb3sg4OmKaMBwuC48sYni5HUw2DvsC8LjGTLK9h+eb1X6RyuOHe4hT0ULCW68iomhjUoKUqlPQ=="],

    "has-tostringtag": ["has-tostringtag@1.0.2", "", { "dependencies": { "has-symbols": "^1.0.3" } }, "sha512-NqADB8VjPFLM2V0VvHUewwwsw0ZWBaIdgo+ieHtK3hasLz4qeCRjYcqfB6AQrBggRKppKF8L52/VqdVsO47Dlw=="],

    "hasown": ["hasown@2.0.4", "", { "dependencies": { "function-bind": "^1.1.2" } }, "sha512-T2UbfbBEF32wiepXIsMlTW9+dDYC6wMh/t/vYA4tuOMKqWz/n3vr1NFSxQiyP+zk2mXsoMA/i/7qV6LKut1t1A=="],

    "https-proxy-agent": ["https-proxy-agent@5.0.1", "", { "dependencies": { "agent-base": "6", "debug": "4" } }, "sha512-dFcAjpTQFgoLMzC2VwU+C/CbS7uRL0lWmxDITmqm7C+7F0Odmj6s9l6alZc6AELXhrnggM2CeWSXHGOdX2YtwA=="],

    "ignore": ["ignore@7.0.8", "", {}, "sha512-YYNsSlXBjMk92SKnkwvB5LOVSa6OznlFUGcsvrFgNJbJCd0M1XKeFVRc8ZByeCqz32FivYNHJVooLmdqrmvp/Q=="],

    "import-in-the-middle": ["import-in-the-middle@3.4.0", "", { "dependencies": { "cjs-module-lexer": "^2.2.0", "es-module-lexer": "^2.2.0", "module-details-from-path": "^1.0.4" } }, "sha512-Xfjwfarhe+LGmoaof+sexeNo3sGRysb5x56WrZLwHtmqT0OilSKtVWkv0lrCcMgSKyKP9oBogBAisHZvtJH0aw=="],

    "is-safe-filename": ["is-safe-filename@0.1.1", "", {}, "sha512-4SrR7AdnY11LHfDKTZY1u6Ga3RuxZdl3YKWWShO5iyuG5h8QS4GD2tOb04peBJ5I7pXbR+CGBNEhTcwK+FzN3g=="],

    "json-schema-to-ts": ["json-schema-to-ts@3.1.1", "", { "dependencies": { "@babel/runtime": "^7.18.3", "ts-algebra": "^2.0.0" } }, "sha512-+DWg8jCJG2TEnpy7kOm/7/AxaYoaRbjVB4LFZLySZlWn8exGs3A4OLJR966cVvU26N7X9TWxl+Jsw7dzAqKT6g=="],

    "jsonc-parser": ["jsonc-parser@3.3.1", "", {}, "sha512-HUgH65KyejrUFPvHFPbqOY0rsFip3Bo5wb4ngvdi1EpCYWUQDC5V+Y7mZws+DLkr4M//zQJoanu1SP+87Dv1oQ=="],

    "lodash-es": ["lodash-es@4.18.1", "", {}, "sha512-J8xewKD/Gk22OZbhpOVSwcs60zhd95ESDwezOFuA3/099925PdHJ7OFHNTGtajL3AlZkykD32HykiMo+BIBI8A=="],

    "lru-cache": ["lru-cache@11.5.2", "", {}, "sha512-4pfM1Ff0x50o0tQwb5ucw/RzNyD0/YJME6IVcStalZuMWxdt3sR3huStTtxz4PUmvZfRguvDejasvQ2kifR11g=="],

    "math-intrinsics": ["math-intrinsics@1.1.0", "", {}, "sha512-/IXtbwEk5HTPyEwyKX6hGkYXxM9nbj64B+ilVJnC/R6B0pH5G4V3b0pVbL7DBj4tkhBAppbQUlf6F6Xl9LHu1g=="],

    "mime-db": ["mime-db@1.52.0", "", {}, "sha512-sPU4uV7dYlvtWJxwwxHD0PuihVNiE7TyAbQ5SWxDCB9mUYvOgroQOwYQQOKPJ8CIbE+1ETVlOoK1UC2nU3gYvg=="],

    "mime-types": ["mime-types@2.1.35", "", { "dependencies": { "mime-db": "1.52.0" } }, "sha512-ZDY+bPm5zTTF+YpCrAU9nK0UgICYPT0QtT1NZWFv4s++TNkcgVaT0g6+4R2uI4MjQjzysHB1zxuWL50hzaeXiw=="],

    "minimatch": ["minimatch@10.2.6", "", { "dependencies": { "brace-expansion": "^5.0.8" } }, "sha512-vpLQEs+VLCr1nU0BXS07maYoFwlDAH0gngQuuttxIwutDFEMHq2blX+8vpgxDdK3J1PwjCJiep77OitTZ4Ll1A=="],

    "minipass": ["minipass@7.1.3", "", {}, "sha512-tEBHqDnIoM/1rXME1zgka9g6Q2lcoCkxHLuc7ODJ5BxbP5d4c2Z5cGgtXAku59200Cx7diuHTOYfSBD8n6mm8A=="],

    "minipass-collect": ["minipass-collect@2.0.1", "", { "dependencies": { "minipass": "^7.0.3" } }, "sha512-D7V8PO9oaz7PWGLbCACuI1qEOsq7UKfLotx/C0Aet43fCUB/wfQ7DYeq2oR/svFJGYDHPr38SHATeaj/ZoKHKw=="],

    "minipass-flush": ["minipass-flush@1.0.7", "", { "dependencies": { "minipass": "^3.0.0" } }, "sha512-TbqTz9cUwWyHS2Dy89P3ocAGUGxKjjLuR9z8w4WUTGAVgEj17/4nhgo2Du56i0Fm3Pm30g4iA8Lcqctc76jCzA=="],

    "minipass-pipeline": ["minipass-pipeline@1.2.4", "", { "dependencies": { "minipass": "^3.0.0" } }, "sha512-xuIq7cIOt09RPRJ19gdi4b+RiNvDFYe5JH+ggNvBqGqpQXcru3PcRmOZuHBKWK1Txf9+cQ+HMVN4d6z46LZP7A=="],

    "module-details-from-path": ["module-details-from-path@1.0.4", "", {}, "sha512-EGWKgxALGMgzvxYF1UyGTy0HXX/2vHLkw6+NvDKW2jypWbHpjQuj4UMcqQWXHERJhVGKikolT06G3bcKe4fi7w=="],

    "ms": ["ms@2.1.3", "", {}, "sha512-6FlzubTLZG3J2a/NVCAleEhjzq5oxgHyaCU9yYXvcLsvoVaHJq/s5xXI6/XXP6tz7R9xAOtHnSO/tXtF3WRTlA=="],

    "p-map": ["p-map@7.0.7", "", {}, "sha512-VaWRu2i4FJNRtiRWCuuQRgfQ1B7a6+gMSrO+3j0EQi/k0ULfS9kosRxGoiqwzIjZTDI02tGfk5mXXltLg6QtfQ=="],

    "path-scurry": ["path-scurry@2.0.2", "", { "dependencies": { "lru-cache": "^11.0.0", "minipass": "^7.1.2" } }, "sha512-3O/iVVsJAPsOnpwWIeD+d6z/7PmqApyQePUtCndjatj/9I5LylHvt5qluFaBT3I5h3r1ejfR056c+FCv+NnNXg=="],

    "picomatch": ["picomatch@4.0.7", "", {}, "sha512-qcJu88Q2IWqJsDD529JKMdwGm/dvInW4HvQnRwiH9JtihJvzGOscDtHE3x1pBKeUOTysQ8kVmLnJ2kJu7yhcGA=="],

    "proper-lockfile": ["proper-lockfile@4.1.2", "", { "dependencies": { "graceful-fs": "^4.2.4", "retry": "^0.12.0", "signal-exit": "^3.0.2" } }, "sha512-TjNPblN4BwAWMXU8s9AEz4JmQxnD1NNL7bNOY/AKUzyamc379FWASUhc/K1pL2noVb+XmZKLL68cjzLsiOAMaA=="],

    "proxy-from-env": ["proxy-from-env@2.1.0", "", {}, "sha512-cJ+oHTW1VAEa8cJslgmUZrc+sjRKgAKl3Zyse6+PV38hZe/V6Z14TbCuXcan9F9ghlz4QrFr2c92TNF82UkYHA=="],

    "require-in-the-middle": ["require-in-the-middle@8.0.1", "", { "dependencies": { "debug": "^4.3.5", "module-details-from-path": "^1.0.3" } }, "sha512-QT7FVMXfWOYFbeRBF6nu+I6tr2Tf3u0q8RIEjNob/heKY/nh7drD/k7eeMFmSQgnTtCzLDcCu/XEnpW2wk4xCQ=="],

    "retry": ["retry@0.12.0", "", {}, "sha512-9LkiTwjUh6rT555DtE9rTX+BKByPfrMzEAtnlEtdEwr3Nkffwiihqe2bWADg+OQRjt9gl6ICdmB/ZFDCGAtSow=="],

    "semver": ["semver@7.8.5", "", { "bin": { "semver": "bin/semver.js" } }, "sha512-Y7/KDsb8LjooZpwaqGyulO6DQlksgCncchHGk+sZIY4SBvUocMBEFH5Ur1fI4dV+Jvl0w6cjvucaIi40puRioA=="],

    "signal-exit": ["signal-exit@3.0.7", "", {}, "sha512-wnD2ZE+l+SPC/uoS0vXeE9L1+0wuaMqKlfz9AMUo38JsyLSBWSFcHR1Rri62LZc12vLr1gb3jl7iwQhgwpAbGQ=="],

    "ssri": ["ssri@14.0.0", "", { "dependencies": { "minipass": "^7.0.3" } }, "sha512-jQxKI0yx0ZnTKrqjKkLDV2DXkBQn3k49JVmVqDGcDwKDtGDbImD/GXsq04KD0VVzCQQ9wZJYal3RwR1GzWTSow=="],

    "standardwebhooks": ["standardwebhooks@1.1.1", "", { "dependencies": { "@stablelib/base64": "^1.0.0", "fast-sha256": "^1.3.0" } }, "sha512-bCbX9ZEyFkWPsRz7Bl3NuQUJohmwGSev/yhr7vhaGPlc4AfIrspIRa6cPTBuI1ItmrTDJ4d/S2hCsfe4+vQGnQ=="],

    "ts-algebra": ["ts-algebra@2.0.0", "", {}, "sha512-FPAhNPFMrkwz76P7cdjdmiShwMynZYN6SgOujD1urY4oNm80Ou9oMdmbR45LotcKOXoy7wSmHkRFE6Mxbrhefw=="],

    "undici-types": ["undici-types@8.3.0", "", {}, "sha512-j375ScV60dom+YkPFIfTLcOiPxkN/buHz5GobjLhixFuANaNs3C9l4GmrWqejgXWJ7BbJcFYpTEUkS1Ge8bpZQ=="],

    "yallist": ["yallist@4.0.0", "", {}, "sha512-3wdGidZyq5PB084XLES5TpOSRA3wjXAlIWMhum2kRcv/41Sn2emQ0dycQW4uZXLejwKvg6EsvbdlVL+FYEct7A=="],

    "zod": ["zod@4.5.4", "", {}, "sha512-sC95tT5iHHH9gtpj6A81kh+NEaRAUFN+qlUPDUbRfOMvNf5QCBqsb3WgvnpVtK5Y+4UfA6KqufotuTvMGiTlsA=="],

    "minipass-flush/minipass": ["minipass@3.3.6", "", { "dependencies": { "yallist": "^4.0.0" } }, "sha512-DxiNidxSEK+tHG6zOIklvNOwm3hvCrbUrdtzY74U6HKTJxvIDfOUL5W5P2Ghd3DTkhhKPYGqeNUIh5qcM4YBfw=="],

    "minipass-pipeline/minipass": ["minipass@3.3.6", "", { "dependencies": { "yallist": "^4.0.0" } }, "sha512-DxiNidxSEK+tHG6zOIklvNOwm3hvCrbUrdtzY74U6HKTJxvIDfOUL5W5P2Ghd3DTkhhKPYGqeNUIh5qcM4YBfw=="],
  }
}
